{
    "_meta": {
        "hash": {
            "sha256": "87c2235575447a5de35c68d9397478411b44c85f375af37bfa16f867e24a3d5e"
        },
        "pipfile-spec": 6,
        "requires": {
            "python_version": "3.9"
        },
        "sources": [
            {
                "name": "pypi",
                "url": "https://pypi.python.org/simple",
                "verify_ssl": true
            }
        ]
    },
    "default": {
        "meson": {
            "hashes": [
                "sha256:a0f5caa1e70da12d5e63aa6a9504273759b891af36c8d87de381a4ed1380e845",
                "sha256:e901c0d5d49bd42fb9b90a55900f7cbdf80b0bbc498a235b8293682cf6d71a7b"
            ],
            "index": "pypi",
            "version": "==0.62.1"
        }
    },
    "develop": {}
}
